
Microsoft Visual Studio Solution File, Format Version 12.00
# 
Project("{FAE04EC0-301F-11D3-BF4B-00C04F79EFBC}") = "Dag1", "Dag1\Dag1.csproj", "{A8643BCC-DC69-44DB-9D57-95D5CB947EE2}"
EndProject
Project("{FAE04EC0-301F-11D3-BF4B-00C04F79EFBC}") = "Dag2", "Dag2\Dag2.csproj", "{ABABA788-F416-44A9-8D94-A53EAAC2EA60}"
EndProject
Project("{FAE04EC0-301F-11D3-BF4B-00C04F79EFBC}") = "Dag3", "Dag3\Dag3.csproj", "{2B54A7E9-99CC-4950-8521-8A7B6015A555}"
EndProject
Global
	GlobalSection(SolutionConfigurationPlatforms) = preSolution
		Debug|Any CPU = Debug|Any CPU
		Release|Any CPU = Release|Any CPU
	EndGlobalSection
	GlobalSection(ProjectConfigurationPlatforms) = postSolution
		{A8643BCC-DC69-44DB-9D57-95D5CB947EE2}.Debug|Any CPU.ActiveCfg = Debug|Any CPU
		{A8643BCC-DC69-44DB-9D57-95D5CB947EE2}.Debug|Any CPU.Build.0 = Debug|Any CPU
		{A8643BCC-DC69-44DB-9D57-95D5CB947EE2}.Release|Any CPU.ActiveCfg = Release|Any CPU
		{A8643BCC-DC69-44DB-9D57-95D5CB947EE2}.Release|Any CPU.Build.0 = Release|Any CPU
		{ABABA788-F416-44A9-8D94-A53EAAC2EA60}.Debug|Any CPU.ActiveCfg = Debug|Any CPU
		{ABABA788-F416-44A9-8D94-A53EAAC2EA60}.Debug|Any CPU.Build.0 = Debug|Any CPU
		{ABABA788-F416-44A9-8D94-A53EAAC2EA60}.Release|Any CPU.ActiveCfg = Release|Any CPU
		{ABABA788-F416-44A9-8D94-A53EAAC2EA60}.Release|Any CPU.Build.0 = Release|Any CPU
		{2B54A7E9-99CC-4950-8521-8A7B6015A555}.Debug|Any CPU.ActiveCfg = Debug|Any CPU
		{2B54A7E9-99CC-4950-8521-8A7B6015A555}.Debug|Any CPU.Build.0 = Debug|Any CPU
		{2B54A7E9-99CC-4950-8521-8A7B6015A555}.Release|Any CPU.ActiveCfg = Release|Any CPU
		{2B54A7E9-99CC-4950-8521-8A7B6015A555}.Release|Any CPU.Build.0 = Release|Any CPU
	EndGlobalSection
EndGlobal
